
Microsoft Visual Studio Solution File, Format Version 12.00
# Visual Studio 15
VisualStudioVersion = 15.0.28307.645
MinimumVisualStudioVersion = 10.0.40219.1
Project("{FAE04EC0-301F-11D3-BF4B-00C04F79EFBC}") = "BooksApi", "BooksApi\BooksApi.csproj", "{D64F54A3-E051-4F70-983A-0DD99E992A48}"
EndProject
Global
	GlobalSection(SolutionConfigurationPlatforms) = preSolution
		Debug|Any CPU = Debug|Any CPU
		Release|Any CPU = Release|Any CPU
	EndGlobalSection
	GlobalSection(ProjectConfigurationPlatforms) = postSolution
		{D64F54A3-E051-4F70-983A-0DD99E992A48}.Debug|Any CPU.ActiveCfg = Debug|Any CPU
		{D64F54A3-E051-4F70-983A-0DD99E992A48}.Debug|Any CPU.Build.0 = Debug|Any CPU
		{D64F54A3-E051-4F70-983A-0DD99E992A48}.Release|Any CPU.ActiveCfg = Release|Any CPU
		{D64F54A3-E051-4F70-983A-0DD99E992A48}.Release|Any CPU.Build.0 = Release|Any CPU
	EndGlobalSection
	GlobalSection(SolutionProperties) = preSolution
		HideSolutionNode = FALSE
	EndGlobalSection
	GlobalSection(ExtensibilityGlobals) = postSolution
		SolutionGuid = {A78ED91A-C43E-44D9-8CB6-93AE18F8336A}
	EndGlobalSection
EndGlobal
